
Microsoft Visual Studio Solution File, Format Version 12.00
# Visual Studio Version 16
VisualStudioVersion = 16.0.30011.22
MinimumVisualStudioVersion = 10.0.40219.1
Project("{9A19103F-16F7-4668-BE54-9A1E7A4F7556}") = "TableTopCrucible.WPF", "TableTopCrucible.WPF\TableTopCrucible.WPF.csproj", "{191F76F5-C2FD-4D98-B3EB-26EE4AF98617}"
EndProject
Project("{9A19103F-16F7-4668-BE54-9A1E7A4F7556}") = "TableTopCrucible.Domain", "TableTopCrucible.Domain\TableTopCrucible.Domain.csproj", "{525C93E5-EE0D-4069-B8C9-F59749EC351B}"
EndProject
Project("{FAE04EC0-301F-11D3-BF4B-00C04F79EFBC}") = "TableTopCrucible.Base", "TableTopCrucible.Base\TableTopCrucible.Base.csproj", "{571F1DC6-5F38-4183-A10B-B46123D054A6}"
EndProject
Global
	GlobalSection(SolutionConfigurationPlatforms) = preSolution
		Debug|Any CPU = Debug|Any CPU
		Release|Any CPU = Release|Any CPU
	EndGlobalSection
	GlobalSection(ProjectConfigurationPlatforms) = postSolution
		{191F76F5-C2FD-4D98-B3EB-26EE4AF98617}.Debug|Any CPU.ActiveCfg = Debug|Any CPU
		{191F76F5-C2FD-4D98-B3EB-26EE4AF98617}.Debug|Any CPU.Build.0 = Debug|Any CPU
		{191F76F5-C2FD-4D98-B3EB-26EE4AF98617}.Release|Any CPU.ActiveCfg = Release|Any CPU
		{191F76F5-C2FD-4D98-B3EB-26EE4AF98617}.Release|Any CPU.Build.0 = Release|Any CPU
		{525C93E5-EE0D-4069-B8C9-F59749EC351B}.Debug|Any CPU.ActiveCfg = Debug|Any CPU
		{525C93E5-EE0D-4069-B8C9-F59749EC351B}.Debug|Any CPU.Build.0 = Debug|Any CPU
		{525C93E5-EE0D-4069-B8C9-F59749EC351B}.Release|Any CPU.ActiveCfg = Release|Any CPU
		{525C93E5-EE0D-4069-B8C9-F59749EC351B}.Release|Any CPU.Build.0 = Release|Any CPU
		{571F1DC6-5F38-4183-A10B-B46123D054A6}.Debug|Any CPU.ActiveCfg = Debug|Any CPU
		{571F1DC6-5F38-4183-A10B-B46123D054A6}.Debug|Any CPU.Build.0 = Debug|Any CPU
		{571F1DC6-5F38-4183-A10B-B46123D054A6}.Release|Any CPU.ActiveCfg = Release|Any CPU
		{571F1DC6-5F38-4183-A10B-B46123D054A6}.Release|Any CPU.Build.0 = Release|Any CPU
	EndGlobalSection
	GlobalSection(SolutionProperties) = preSolution
		HideSolutionNode = FALSE
	EndGlobalSection
	GlobalSection(ExtensibilityGlobals) = postSolution
		SolutionGuid = {5FA1A29D-7A36-494A-9156-8A7C94F97FA2}
	EndGlobalSection
EndGlobal
