
Microsoft Visual Studio Solution File, Format Version 12.00
# Visual Studio Version 16
VisualStudioVersion = 16.0.30011.22
MinimumVisualStudioVersion = 10.0.40219.1
Project("{9A19103F-16F7-4668-BE54-9A1E7A4F7556}") = "TableTopCrucible.Data", "TableTopCrucible.Data\TableTopCrucible.Data.csproj", "{394D0002-F168-4A6E-B1BC-95CBB2F84F02}"
EndProject
Project("{9A19103F-16F7-4668-BE54-9A1E7A4F7556}") = "TableTopCrucible.Core", "TableTopCrucible.Core\TableTopCrucible.Core.csproj", "{CBB5B8A8-1D57-4A4F-87F8-A3ED4B4F08B3}"
EndProject
Project("{9A19103F-16F7-4668-BE54-9A1E7A4F7556}") = "TableTopCrucible.Core.WPF", "TableTopCrucible.Core.WPF\TableTopCrucible.Core.WPF.csproj", "{2B1DD3AE-71C2-460D-94E7-4F6C9CBE2EF2}"
EndProject
Project("{9A19103F-16F7-4668-BE54-9A1E7A4F7556}") = "TableTopCrucible.App.WPF", "TableTopCrucible.App.WPF\TableTopCrucible.App.WPF.csproj", "{EB1F7179-BF1D-42AC-A42F-7888FBF47104}"
	ProjectSection(ProjectDependencies) = postProject
		{A0954B71-81C3-4239-897F-C6E445425933} = {A0954B71-81C3-4239-897F-C6E445425933}
	EndProjectSection
EndProject
Project("{2150E333-8FDC-42A3-9474-1A3956D46DE8}") = "1.-Core", "1.-Core", "{6560DA97-EB3D-4212-A829-439A852A45DF}"
EndProject
Project("{2150E333-8FDC-42A3-9474-1A3956D46DE8}") = "4.-Domain", "4.-Domain", "{3AEDC9FA-EF87-44C7-84C0-B44ECCA32E22}"
EndProject
Project("{2150E333-8FDC-42A3-9474-1A3956D46DE8}") = "2.-Data", "2.-Data", "{1F2AE50D-863D-42A0-8906-888F77E2CFF6}"
EndProject
Project("{2150E333-8FDC-42A3-9474-1A3956D46DE8}") = "Library", "Library", "{E7F1703B-F7F4-43C9-AA6B-9A6D0726D987}"
EndProject
Project("{9A19103F-16F7-4668-BE54-9A1E7A4F7556}") = "TableTopCrucible.Domain.Library.WPF", "TableTopCrucible.Domain.Library.WPF\TableTopCrucible.Domain.Library.WPF.csproj", "{DB7F6CBE-AEF1-4940-B190-A47F4DEEBE36}"
EndProject
Project("{9A19103F-16F7-4668-BE54-9A1E7A4F7556}") = "TableTopCrucible.Domain.Library", "TableTopCrucible.Domain.Library\TableTopCrucible.Domain.Library.csproj", "{A0954B71-81C3-4239-897F-C6E445425933}"
EndProject
Project("{2150E333-8FDC-42A3-9474-1A3956D46DE8}") = "Solution Items", "Solution Items", "{87789266-A7D9-4F54-973B-02A5F486650D}"
	ProjectSection(SolutionItems) = preProject
		.editorconfig = .editorconfig
	EndProjectSection
EndProject
Project("{9A19103F-16F7-4668-BE54-9A1E7A4F7556}") = "TableTopCrucible.Data.SaveFile.Tests", "TableTopCrucible.Data.SaveFile.Tests\TableTopCrucible.Data.SaveFile.Tests.csproj", "{E65C1D1C-8D83-43F9-B5CC-A509A4E5CA3A}"
EndProject
Project("{9A19103F-16F7-4668-BE54-9A1E7A4F7556}") = "TableTopCrucible.Data.SaveFile", "TableTopCrucible.Data.SaveFile\TableTopCrucible.Data.SaveFile.csproj", "{A0A33BC9-2722-42E1-9922-0ACF17211278}"
EndProject
Project("{9A19103F-16F7-4668-BE54-9A1E7A4F7556}") = "TableTopCrucible.Core.Tests", "TableTopCrucible.Core.Tests\TableTopCrucible.Core.Tests.csproj", "{BDF26D7D-A41D-47D1-B868-4B23058A8250}"
EndProject
Project("{9A19103F-16F7-4668-BE54-9A1E7A4F7556}") = "TableTopCrucible.Domain.Library.WPF.Filter", "TableTopCrucible.Domain.Library.WPF.Filter\TableTopCrucible.Domain.Library.WPF.Filter.csproj", "{BC56C75B-2C18-4406-A0E8-2D1C3FB78CA2}"
EndProject
Project("{2150E333-8FDC-42A3-9474-1A3956D46DE8}") = "5.-Startup", "5.-Startup", "{AE1E620C-2CB4-4FE2-AE3B-C4F3E56DF360}"
EndProject
Project("{9A19103F-16F7-4668-BE54-9A1E7A4F7556}") = "TableTopCrucible.Startup.WPF", "TableTopCrucible.Startup.WPF\TableTopCrucible.Startup.WPF.csproj", "{1631CA2A-8377-4512-B8A4-763C552A14F9}"
EndProject
Project("{9A19103F-16F7-4668-BE54-9A1E7A4F7556}") = "TableTopCrucible.Data.SaveFile.WPF", "TableTopCrucible.Data.SaveFile.WPF\TableTopCrucible.Data.SaveFile.WPF.csproj", "{075EBCF0-FC46-4825-B2EB-87D77E6EF4EE}"
EndProject
Project("{C7167F0D-BC9F-4E6E-AFE1-012C56B48DB5}") = "TableTopCrucible.Package.WPF", "TableTopCrucible.Package.WPF\TableTopCrucible.Package.WPF.wapproj", "{95AE5BF1-855B-4A68-9EFE-BF40D5B4047F}"
EndProject
Project("{2150E333-8FDC-42A3-9474-1A3956D46DE8}") = "MapEditor", "MapEditor", "{12D32BA2-E722-4EB2-A4B3-904AF3AC9EEC}"
EndProject
Project("{9A19103F-16F7-4668-BE54-9A1E7A4F7556}") = "TableTopCrucible.Domain.MapEditor.Core", "TableTopCrucible.Domain.MapEditor.Core\TableTopCrucible.Domain.MapEditor.Core.csproj", "{69FC0521-8F6B-4EC5-89EA-3EC04B9FB8BB}"
EndProject
Project("{9A19103F-16F7-4668-BE54-9A1E7A4F7556}") = "TableTopCrucible.Domain.MapEditor.WPF", "TableTopCrucible.Domain.MapEditor.WPF\TableTopCrucible.Domain.MapEditor.WPF.csproj", "{627BD7F7-0E89-4E66-A3B0-3203E6A4B06B}"
EndProject
Project("{2150E333-8FDC-42A3-9474-1A3956D46DE8}") = "Library", "Library", "{4AED54AF-0BC1-41AC-A8CE-4A2985E44A8B}"
EndProject
Project("{2150E333-8FDC-42A3-9474-1A3956D46DE8}") = "MapEditor", "MapEditor", "{C3F3EDAD-48ED-43A9-9CAF-8E5E37D8EF42}"
EndProject
Project("{9A19103F-16F7-4668-BE54-9A1E7A4F7556}") = "TableTopCrucible.Data.MapEditor.Stores", "TableTopCrucible.Data.MapEditor.Stores\TableTopCrucible.Data.MapEditor.Stores.csproj", "{8777A822-EDE4-49F6-B3E6-5994F0B82F25}"
EndProject
Project("{9A19103F-16F7-4668-BE54-9A1E7A4F7556}") = "TableTopCrucible.Data.MapEditor.Models", "TableTopCrucible.Data.MapEditor.Models\TableTopCrucible.Data.MapEditor.Models.csproj", "{CEE8DEA2-1A5B-459B-B43A-623D76C0DE68}"
EndProject
Project("{2150E333-8FDC-42A3-9474-1A3956D46DE8}") = "3.-FeatureCore", "3.-FeatureCore", "{BB71E071-3CC9-4357-BC8D-006C5FE9DAA8}"
EndProject
Project("{9A19103F-16F7-4668-BE54-9A1E7A4F7556}") = "TableTopCrucible.FeatureCore.WPF", "TableTopCrucible.FeatureCore.WPF\TableTopCrucible.FeatureCore.WPF.csproj", "{B21774FB-83DB-42FE-AFED-DAD8E05A8DF2}"
EndProject
Project("{9A19103F-16F7-4668-BE54-9A1E7A4F7556}") = "TableTopCrucible.FeatureCore.WPF.Tagging", "TableTopCrucible.FeatureCore.WPF.Tagging\TableTopCrucible.FeatureCore.WPF.Tagging.csproj", "{BD37A3BA-3AD2-40DC-ACE1-52CE03684A13}"
EndProject
Project("{2150E333-8FDC-42A3-9474-1A3956D46DE8}") = "Files", "Files", "{DA1C038D-DA34-409A-9D99-3314A2CB9A8D}"
EndProject
Project("{9A19103F-16F7-4668-BE54-9A1E7A4F7556}") = "TableTopCrucible.Data.Files.Scanner", "TableTopCrucible.Data.Files.Scanner\TableTopCrucible.Data.Files.Scanner.csproj", "{7C3770E0-A5B7-42DB-AF32-0E033C9AE707}"
EndProject
Project("{9A19103F-16F7-4668-BE54-9A1E7A4F7556}") = "TableTopCrucible.Data.Files.Scanner.Tests", "TableTopCrucible.Data.Files.Scanner.Tests\TableTopCrucible.Data.Files.Scanner.Tests.csproj", "{6A83CDDE-C47A-494E-ABF5-195CCE75FBB1}"
EndProject
Project("{9A19103F-16F7-4668-BE54-9A1E7A4F7556}") = "DevTest", "DevTest\DevTest.csproj", "{0C3AAD0C-C98D-4E2C-B006-DD3A66313567}"
EndProject
Project("{FAE04EC0-301F-11D3-BF4B-00C04F79EFBC}") = "TableTopCrucible.Core.Jobs", "TableTopCrucible.Core.Jobs\TableTopCrucible.Core.Jobs.csproj", "{C3413312-28C1-463C-8705-04495DA27F71}"
EndProject
Global
	GlobalSection(SolutionConfigurationPlatforms) = preSolution
		Debug|Any CPU = Debug|Any CPU
		Debug|ARM = Debug|ARM
		Debug|ARM64 = Debug|ARM64
		Debug|x64 = Debug|x64
		Debug|x86 = Debug|x86
		Release|Any CPU = Release|Any CPU
		Release|ARM = Release|ARM
		Release|ARM64 = Release|ARM64
		Release|x64 = Release|x64
		Release|x86 = Release|x86
	EndGlobalSection
	GlobalSection(ProjectConfigurationPlatforms) = postSolution
		{394D0002-F168-4A6E-B1BC-95CBB2F84F02}.Debug|Any CPU.ActiveCfg = Debug|Any CPU
		{394D0002-F168-4A6E-B1BC-95CBB2F84F02}.Debug|Any CPU.Build.0 = Debug|Any CPU
		{394D0002-F168-4A6E-B1BC-95CBB2F84F02}.Debug|ARM.ActiveCfg = Debug|Any CPU
		{394D0002-F168-4A6E-B1BC-95CBB2F84F02}.Debug|ARM.Build.0 = Debug|Any CPU
		{394D0002-F168-4A6E-B1BC-95CBB2F84F02}.Debug|ARM64.ActiveCfg = Debug|Any CPU
		{394D0002-F168-4A6E-B1BC-95CBB2F84F02}.Debug|ARM64.Build.0 = Debug|Any CPU
		{394D0002-F168-4A6E-B1BC-95CBB2F84F02}.Debug|x64.ActiveCfg = Debug|Any CPU
		{394D0002-F168-4A6E-B1BC-95CBB2F84F02}.Debug|x64.Build.0 = Debug|Any CPU
		{394D0002-F168-4A6E-B1BC-95CBB2F84F02}.Debug|x86.ActiveCfg = Debug|Any CPU
		{394D0002-F168-4A6E-B1BC-95CBB2F84F02}.Debug|x86.Build.0 = Debug|Any CPU
		{394D0002-F168-4A6E-B1BC-95CBB2F84F02}.Release|Any CPU.ActiveCfg = Release|Any CPU
		{394D0002-F168-4A6E-B1BC-95CBB2F84F02}.Release|Any CPU.Build.0 = Release|Any CPU
		{394D0002-F168-4A6E-B1BC-95CBB2F84F02}.Release|ARM.ActiveCfg = Release|Any CPU
		{394D0002-F168-4A6E-B1BC-95CBB2F84F02}.Release|ARM.Build.0 = Release|Any CPU
		{394D0002-F168-4A6E-B1BC-95CBB2F84F02}.Release|ARM64.ActiveCfg = Release|Any CPU
		{394D0002-F168-4A6E-B1BC-95CBB2F84F02}.Release|ARM64.Build.0 = Release|Any CPU
		{394D0002-F168-4A6E-B1BC-95CBB2F84F02}.Release|x64.ActiveCfg = Release|Any CPU
		{394D0002-F168-4A6E-B1BC-95CBB2F84F02}.Release|x64.Build.0 = Release|Any CPU
		{394D0002-F168-4A6E-B1BC-95CBB2F84F02}.Release|x86.ActiveCfg = Release|Any CPU
		{394D0002-F168-4A6E-B1BC-95CBB2F84F02}.Release|x86.Build.0 = Release|Any CPU
		{CBB5B8A8-1D57-4A4F-87F8-A3ED4B4F08B3}.Debug|Any CPU.ActiveCfg = Debug|Any CPU
		{CBB5B8A8-1D57-4A4F-87F8-A3ED4B4F08B3}.Debug|Any CPU.Build.0 = Debug|Any CPU
		{CBB5B8A8-1D57-4A4F-87F8-A3ED4B4F08B3}.Debug|ARM.ActiveCfg = Debug|Any CPU
		{CBB5B8A8-1D57-4A4F-87F8-A3ED4B4F08B3}.Debug|ARM.Build.0 = Debug|Any CPU
		{CBB5B8A8-1D57-4A4F-87F8-A3ED4B4F08B3}.Debug|ARM64.ActiveCfg = Debug|Any CPU
		{CBB5B8A8-1D57-4A4F-87F8-A3ED4B4F08B3}.Debug|ARM64.Build.0 = Debug|Any CPU
		{CBB5B8A8-1D57-4A4F-87F8-A3ED4B4F08B3}.Debug|x64.ActiveCfg = Debug|Any CPU
		{CBB5B8A8-1D57-4A4F-87F8-A3ED4B4F08B3}.Debug|x64.Build.0 = Debug|Any CPU
		{CBB5B8A8-1D57-4A4F-87F8-A3ED4B4F08B3}.Debug|x86.ActiveCfg = Debug|Any CPU
		{CBB5B8A8-1D57-4A4F-87F8-A3ED4B4F08B3}.Debug|x86.Build.0 = Debug|Any CPU
		{CBB5B8A8-1D57-4A4F-87F8-A3ED4B4F08B3}.Release|Any CPU.ActiveCfg = Release|Any CPU
		{CBB5B8A8-1D57-4A4F-87F8-A3ED4B4F08B3}.Release|Any CPU.Build.0 = Release|Any CPU
		{CBB5B8A8-1D57-4A4F-87F8-A3ED4B4F08B3}.Release|ARM.ActiveCfg = Release|Any CPU
		{CBB5B8A8-1D57-4A4F-87F8-A3ED4B4F08B3}.Release|ARM.Build.0 = Release|Any CPU
		{CBB5B8A8-1D57-4A4F-87F8-A3ED4B4F08B3}.Release|ARM64.ActiveCfg = Release|Any CPU
		{CBB5B8A8-1D57-4A4F-87F8-A3ED4B4F08B3}.Release|ARM64.Build.0 = Release|Any CPU
		{CBB5B8A8-1D57-4A4F-87F8-A3ED4B4F08B3}.Release|x64.ActiveCfg = Release|Any CPU
		{CBB5B8A8-1D57-4A4F-87F8-A3ED4B4F08B3}.Release|x64.Build.0 = Release|Any CPU
		{CBB5B8A8-1D57-4A4F-87F8-A3ED4B4F08B3}.Release|x86.ActiveCfg = Release|Any CPU
		{CBB5B8A8-1D57-4A4F-87F8-A3ED4B4F08B3}.Release|x86.Build.0 = Release|Any CPU
		{2B1DD3AE-71C2-460D-94E7-4F6C9CBE2EF2}.Debug|Any CPU.ActiveCfg = Debug|Any CPU
		{2B1DD3AE-71C2-460D-94E7-4F6C9CBE2EF2}.Debug|Any CPU.Build.0 = Debug|Any CPU
		{2B1DD3AE-71C2-460D-94E7-4F6C9CBE2EF2}.Debug|ARM.ActiveCfg = Debug|Any CPU
		{2B1DD3AE-71C2-460D-94E7-4F6C9CBE2EF2}.Debug|ARM.Build.0 = Debug|Any CPU
		{2B1DD3AE-71C2-460D-94E7-4F6C9CBE2EF2}.Debug|ARM64.ActiveCfg = Debug|Any CPU
		{2B1DD3AE-71C2-460D-94E7-4F6C9CBE2EF2}.Debug|ARM64.Build.0 = Debug|Any CPU
		{2B1DD3AE-71C2-460D-94E7-4F6C9CBE2EF2}.Debug|x64.ActiveCfg = Debug|Any CPU
		{2B1DD3AE-71C2-460D-94E7-4F6C9CBE2EF2}.Debug|x64.Build.0 = Debug|Any CPU
		{2B1DD3AE-71C2-460D-94E7-4F6C9CBE2EF2}.Debug|x86.ActiveCfg = Debug|Any CPU
		{2B1DD3AE-71C2-460D-94E7-4F6C9CBE2EF2}.Debug|x86.Build.0 = Debug|Any CPU
		{2B1DD3AE-71C2-460D-94E7-4F6C9CBE2EF2}.Release|Any CPU.ActiveCfg = Release|Any CPU
		{2B1DD3AE-71C2-460D-94E7-4F6C9CBE2EF2}.Release|Any CPU.Build.0 = Release|Any CPU
		{2B1DD3AE-71C2-460D-94E7-4F6C9CBE2EF2}.Release|ARM.ActiveCfg = Release|Any CPU
		{2B1DD3AE-71C2-460D-94E7-4F6C9CBE2EF2}.Release|ARM.Build.0 = Release|Any CPU
		{2B1DD3AE-71C2-460D-94E7-4F6C9CBE2EF2}.Release|ARM64.ActiveCfg = Release|Any CPU
		{2B1DD3AE-71C2-460D-94E7-4F6C9CBE2EF2}.Release|ARM64.Build.0 = Release|Any CPU
		{2B1DD3AE-71C2-460D-94E7-4F6C9CBE2EF2}.Release|x64.ActiveCfg = Release|Any CPU
		{2B1DD3AE-71C2-460D-94E7-4F6C9CBE2EF2}.Release|x64.Build.0 = Release|Any CPU
		{2B1DD3AE-71C2-460D-94E7-4F6C9CBE2EF2}.Release|x86.ActiveCfg = Release|Any CPU
		{2B1DD3AE-71C2-460D-94E7-4F6C9CBE2EF2}.Release|x86.Build.0 = Release|Any CPU
		{EB1F7179-BF1D-42AC-A42F-7888FBF47104}.Debug|Any CPU.ActiveCfg = Debug|Any CPU
		{EB1F7179-BF1D-42AC-A42F-7888FBF47104}.Debug|Any CPU.Build.0 = Debug|Any CPU
		{EB1F7179-BF1D-42AC-A42F-7888FBF47104}.Debug|ARM.ActiveCfg = Debug|Any CPU
		{EB1F7179-BF1D-42AC-A42F-7888FBF47104}.Debug|ARM.Build.0 = Debug|Any CPU
		{EB1F7179-BF1D-42AC-A42F-7888FBF47104}.Debug|ARM64.ActiveCfg = Debug|Any CPU
		{EB1F7179-BF1D-42AC-A42F-7888FBF47104}.Debug|ARM64.Build.0 = Debug|Any CPU
		{EB1F7179-BF1D-42AC-A42F-7888FBF47104}.Debug|x64.ActiveCfg = Debug|Any CPU
		{EB1F7179-BF1D-42AC-A42F-7888FBF47104}.Debug|x64.Build.0 = Debug|Any CPU
		{EB1F7179-BF1D-42AC-A42F-7888FBF47104}.Debug|x86.ActiveCfg = Debug|Any CPU
		{EB1F7179-BF1D-42AC-A42F-7888FBF47104}.Debug|x86.Build.0 = Debug|Any CPU
		{EB1F7179-BF1D-42AC-A42F-7888FBF47104}.Release|Any CPU.ActiveCfg = Release|Any CPU
		{EB1F7179-BF1D-42AC-A42F-7888FBF47104}.Release|Any CPU.Build.0 = Release|Any CPU
		{EB1F7179-BF1D-42AC-A42F-7888FBF47104}.Release|ARM.ActiveCfg = Release|Any CPU
		{EB1F7179-BF1D-42AC-A42F-7888FBF47104}.Release|ARM.Build.0 = Release|Any CPU
		{EB1F7179-BF1D-42AC-A42F-7888FBF47104}.Release|ARM64.ActiveCfg = Release|Any CPU
		{EB1F7179-BF1D-42AC-A42F-7888FBF47104}.Release|ARM64.Build.0 = Release|Any CPU
		{EB1F7179-BF1D-42AC-A42F-7888FBF47104}.Release|x64.ActiveCfg = Release|Any CPU
		{EB1F7179-BF1D-42AC-A42F-7888FBF47104}.Release|x64.Build.0 = Release|Any CPU
		{EB1F7179-BF1D-42AC-A42F-7888FBF47104}.Release|x86.ActiveCfg = Release|Any CPU
		{EB1F7179-BF1D-42AC-A42F-7888FBF47104}.Release|x86.Build.0 = Release|Any CPU
		{DB7F6CBE-AEF1-4940-B190-A47F4DEEBE36}.Debug|Any CPU.ActiveCfg = Debug|Any CPU
		{DB7F6CBE-AEF1-4940-B190-A47F4DEEBE36}.Debug|Any CPU.Build.0 = Debug|Any CPU
		{DB7F6CBE-AEF1-4940-B190-A47F4DEEBE36}.Debug|ARM.ActiveCfg = Debug|Any CPU
		{DB7F6CBE-AEF1-4940-B190-A47F4DEEBE36}.Debug|ARM.Build.0 = Debug|Any CPU
		{DB7F6CBE-AEF1-4940-B190-A47F4DEEBE36}.Debug|ARM64.ActiveCfg = Debug|Any CPU
		{DB7F6CBE-AEF1-4940-B190-A47F4DEEBE36}.Debug|ARM64.Build.0 = Debug|Any CPU
		{DB7F6CBE-AEF1-4940-B190-A47F4DEEBE36}.Debug|x64.ActiveCfg = Debug|Any CPU
		{DB7F6CBE-AEF1-4940-B190-A47F4DEEBE36}.Debug|x64.Build.0 = Debug|Any CPU
		{DB7F6CBE-AEF1-4940-B190-A47F4DEEBE36}.Debug|x86.ActiveCfg = Debug|Any CPU
		{DB7F6CBE-AEF1-4940-B190-A47F4DEEBE36}.Debug|x86.Build.0 = Debug|Any CPU
		{DB7F6CBE-AEF1-4940-B190-A47F4DEEBE36}.Release|Any CPU.ActiveCfg = Release|Any CPU
		{DB7F6CBE-AEF1-4940-B190-A47F4DEEBE36}.Release|Any CPU.Build.0 = Release|Any CPU
		{DB7F6CBE-AEF1-4940-B190-A47F4DEEBE36}.Release|ARM.ActiveCfg = Release|Any CPU
		{DB7F6CBE-AEF1-4940-B190-A47F4DEEBE36}.Release|ARM.Build.0 = Release|Any CPU
		{DB7F6CBE-AEF1-4940-B190-A47F4DEEBE36}.Release|ARM64.ActiveCfg = Release|Any CPU
		{DB7F6CBE-AEF1-4940-B190-A47F4DEEBE36}.Release|ARM64.Build.0 = Release|Any CPU
		{DB7F6CBE-AEF1-4940-B190-A47F4DEEBE36}.Release|x64.ActiveCfg = Release|Any CPU
		{DB7F6CBE-AEF1-4940-B190-A47F4DEEBE36}.Release|x64.Build.0 = Release|Any CPU
		{DB7F6CBE-AEF1-4940-B190-A47F4DEEBE36}.Release|x86.ActiveCfg = Release|Any CPU
		{DB7F6CBE-AEF1-4940-B190-A47F4DEEBE36}.Release|x86.Build.0 = Release|Any CPU
		{A0954B71-81C3-4239-897F-C6E445425933}.Debug|Any CPU.ActiveCfg = Debug|Any CPU
		{A0954B71-81C3-4239-897F-C6E445425933}.Debug|Any CPU.Build.0 = Debug|Any CPU
		{A0954B71-81C3-4239-897F-C6E445425933}.Debug|ARM.ActiveCfg = Debug|Any CPU
		{A0954B71-81C3-4239-897F-C6E445425933}.Debug|ARM.Build.0 = Debug|Any CPU
		{A0954B71-81C3-4239-897F-C6E445425933}.Debug|ARM64.ActiveCfg = Debug|Any CPU
		{A0954B71-81C3-4239-897F-C6E445425933}.Debug|ARM64.Build.0 = Debug|Any CPU
		{A0954B71-81C3-4239-897F-C6E445425933}.Debug|x64.ActiveCfg = Debug|Any CPU
		{A0954B71-81C3-4239-897F-C6E445425933}.Debug|x64.Build.0 = Debug|Any CPU
		{A0954B71-81C3-4239-897F-C6E445425933}.Debug|x86.ActiveCfg = Debug|Any CPU
		{A0954B71-81C3-4239-897F-C6E445425933}.Debug|x86.Build.0 = Debug|Any CPU
		{A0954B71-81C3-4239-897F-C6E445425933}.Release|Any CPU.ActiveCfg = Release|Any CPU
		{A0954B71-81C3-4239-897F-C6E445425933}.Release|Any CPU.Build.0 = Release|Any CPU
		{A0954B71-81C3-4239-897F-C6E445425933}.Release|ARM.ActiveCfg = Release|Any CPU
		{A0954B71-81C3-4239-897F-C6E445425933}.Release|ARM.Build.0 = Release|Any CPU
		{A0954B71-81C3-4239-897F-C6E445425933}.Release|ARM64.ActiveCfg = Release|Any CPU
		{A0954B71-81C3-4239-897F-C6E445425933}.Release|ARM64.Build.0 = Release|Any CPU
		{A0954B71-81C3-4239-897F-C6E445425933}.Release|x64.ActiveCfg = Release|Any CPU
		{A0954B71-81C3-4239-897F-C6E445425933}.Release|x64.Build.0 = Release|Any CPU
		{A0954B71-81C3-4239-897F-C6E445425933}.Release|x86.ActiveCfg = Release|Any CPU
		{A0954B71-81C3-4239-897F-C6E445425933}.Release|x86.Build.0 = Release|Any CPU
		{E65C1D1C-8D83-43F9-B5CC-A509A4E5CA3A}.Debug|Any CPU.ActiveCfg = Debug|Any CPU
		{E65C1D1C-8D83-43F9-B5CC-A509A4E5CA3A}.Debug|Any CPU.Build.0 = Debug|Any CPU
		{E65C1D1C-8D83-43F9-B5CC-A509A4E5CA3A}.Debug|ARM.ActiveCfg = Debug|Any CPU
		{E65C1D1C-8D83-43F9-B5CC-A509A4E5CA3A}.Debug|ARM.Build.0 = Debug|Any CPU
		{E65C1D1C-8D83-43F9-B5CC-A509A4E5CA3A}.Debug|ARM64.ActiveCfg = Debug|Any CPU
		{E65C1D1C-8D83-43F9-B5CC-A509A4E5CA3A}.Debug|ARM64.Build.0 = Debug|Any CPU
		{E65C1D1C-8D83-43F9-B5CC-A509A4E5CA3A}.Debug|x64.ActiveCfg = Debug|Any CPU
		{E65C1D1C-8D83-43F9-B5CC-A509A4E5CA3A}.Debug|x64.Build.0 = Debug|Any CPU
		{E65C1D1C-8D83-43F9-B5CC-A509A4E5CA3A}.Debug|x86.ActiveCfg = Debug|Any CPU
		{E65C1D1C-8D83-43F9-B5CC-A509A4E5CA3A}.Debug|x86.Build.0 = Debug|Any CPU
		{E65C1D1C-8D83-43F9-B5CC-A509A4E5CA3A}.Release|Any CPU.ActiveCfg = Release|Any CPU
		{E65C1D1C-8D83-43F9-B5CC-A509A4E5CA3A}.Release|Any CPU.Build.0 = Release|Any CPU
		{E65C1D1C-8D83-43F9-B5CC-A509A4E5CA3A}.Release|ARM.ActiveCfg = Release|Any CPU
		{E65C1D1C-8D83-43F9-B5CC-A509A4E5CA3A}.Release|ARM.Build.0 = Release|Any CPU
		{E65C1D1C-8D83-43F9-B5CC-A509A4E5CA3A}.Release|ARM64.ActiveCfg = Release|Any CPU
		{E65C1D1C-8D83-43F9-B5CC-A509A4E5CA3A}.Release|ARM64.Build.0 = Release|Any CPU
		{E65C1D1C-8D83-43F9-B5CC-A509A4E5CA3A}.Release|x64.ActiveCfg = Release|Any CPU
		{E65C1D1C-8D83-43F9-B5CC-A509A4E5CA3A}.Release|x64.Build.0 = Release|Any CPU
		{E65C1D1C-8D83-43F9-B5CC-A509A4E5CA3A}.Release|x86.ActiveCfg = Release|Any CPU
		{E65C1D1C-8D83-43F9-B5CC-A509A4E5CA3A}.Release|x86.Build.0 = Release|Any CPU
		{A0A33BC9-2722-42E1-9922-0ACF17211278}.Debug|Any CPU.ActiveCfg = Debug|Any CPU
		{A0A33BC9-2722-42E1-9922-0ACF17211278}.Debug|Any CPU.Build.0 = Debug|Any CPU
		{A0A33BC9-2722-42E1-9922-0ACF17211278}.Debug|ARM.ActiveCfg = Debug|Any CPU
		{A0A33BC9-2722-42E1-9922-0ACF17211278}.Debug|ARM.Build.0 = Debug|Any CPU
		{A0A33BC9-2722-42E1-9922-0ACF17211278}.Debug|ARM64.ActiveCfg = Debug|Any CPU
		{A0A33BC9-2722-42E1-9922-0ACF17211278}.Debug|ARM64.Build.0 = Debug|Any CPU
		{A0A33BC9-2722-42E1-9922-0ACF17211278}.Debug|x64.ActiveCfg = Debug|Any CPU
		{A0A33BC9-2722-42E1-9922-0ACF17211278}.Debug|x64.Build.0 = Debug|Any CPU
		{A0A33BC9-2722-42E1-9922-0ACF17211278}.Debug|x86.ActiveCfg = Debug|Any CPU
		{A0A33BC9-2722-42E1-9922-0ACF17211278}.Debug|x86.Build.0 = Debug|Any CPU
		{A0A33BC9-2722-42E1-9922-0ACF17211278}.Release|Any CPU.ActiveCfg = Release|Any CPU
		{A0A33BC9-2722-42E1-9922-0ACF17211278}.Release|Any CPU.Build.0 = Release|Any CPU
		{A0A33BC9-2722-42E1-9922-0ACF17211278}.Release|ARM.ActiveCfg = Release|Any CPU
		{A0A33BC9-2722-42E1-9922-0ACF17211278}.Release|ARM.Build.0 = Release|Any CPU
		{A0A33BC9-2722-42E1-9922-0ACF17211278}.Release|ARM64.ActiveCfg = Release|Any CPU
		{A0A33BC9-2722-42E1-9922-0ACF17211278}.Release|ARM64.Build.0 = Release|Any CPU
		{A0A33BC9-2722-42E1-9922-0ACF17211278}.Release|x64.ActiveCfg = Release|Any CPU
		{A0A33BC9-2722-42E1-9922-0ACF17211278}.Release|x64.Build.0 = Release|Any CPU
		{A0A33BC9-2722-42E1-9922-0ACF17211278}.Release|x86.ActiveCfg = Release|Any CPU
		{A0A33BC9-2722-42E1-9922-0ACF17211278}.Release|x86.Build.0 = Release|Any CPU
		{BDF26D7D-A41D-47D1-B868-4B23058A8250}.Debug|Any CPU.ActiveCfg = Debug|Any CPU
		{BDF26D7D-A41D-47D1-B868-4B23058A8250}.Debug|Any CPU.Build.0 = Debug|Any CPU
		{BDF26D7D-A41D-47D1-B868-4B23058A8250}.Debug|ARM.ActiveCfg = Debug|Any CPU
		{BDF26D7D-A41D-47D1-B868-4B23058A8250}.Debug|ARM.Build.0 = Debug|Any CPU
		{BDF26D7D-A41D-47D1-B868-4B23058A8250}.Debug|ARM64.ActiveCfg = Debug|Any CPU
		{BDF26D7D-A41D-47D1-B868-4B23058A8250}.Debug|ARM64.Build.0 = Debug|Any CPU
		{BDF26D7D-A41D-47D1-B868-4B23058A8250}.Debug|x64.ActiveCfg = Debug|Any CPU
		{BDF26D7D-A41D-47D1-B868-4B23058A8250}.Debug|x64.Build.0 = Debug|Any CPU
		{BDF26D7D-A41D-47D1-B868-4B23058A8250}.Debug|x86.ActiveCfg = Debug|Any CPU
		{BDF26D7D-A41D-47D1-B868-4B23058A8250}.Debug|x86.Build.0 = Debug|Any CPU
		{BDF26D7D-A41D-47D1-B868-4B23058A8250}.Release|Any CPU.ActiveCfg = Release|Any CPU
		{BDF26D7D-A41D-47D1-B868-4B23058A8250}.Release|Any CPU.Build.0 = Release|Any CPU
		{BDF26D7D-A41D-47D1-B868-4B23058A8250}.Release|ARM.ActiveCfg = Release|Any CPU
		{BDF26D7D-A41D-47D1-B868-4B23058A8250}.Release|ARM.Build.0 = Release|Any CPU
		{BDF26D7D-A41D-47D1-B868-4B23058A8250}.Release|ARM64.ActiveCfg = Release|Any CPU
		{BDF26D7D-A41D-47D1-B868-4B23058A8250}.Release|ARM64.Build.0 = Release|Any CPU
		{BDF26D7D-A41D-47D1-B868-4B23058A8250}.Release|x64.ActiveCfg = Release|Any CPU
		{BDF26D7D-A41D-47D1-B868-4B23058A8250}.Release|x64.Build.0 = Release|Any CPU
		{BDF26D7D-A41D-47D1-B868-4B23058A8250}.Release|x86.ActiveCfg = Release|Any CPU
		{BDF26D7D-A41D-47D1-B868-4B23058A8250}.Release|x86.Build.0 = Release|Any CPU
		{BC56C75B-2C18-4406-A0E8-2D1C3FB78CA2}.Debug|Any CPU.ActiveCfg = Debug|Any CPU
		{BC56C75B-2C18-4406-A0E8-2D1C3FB78CA2}.Debug|Any CPU.Build.0 = Debug|Any CPU
		{BC56C75B-2C18-4406-A0E8-2D1C3FB78CA2}.Debug|ARM.ActiveCfg = Debug|Any CPU
		{BC56C75B-2C18-4406-A0E8-2D1C3FB78CA2}.Debug|ARM.Build.0 = Debug|Any CPU
		{BC56C75B-2C18-4406-A0E8-2D1C3FB78CA2}.Debug|ARM64.ActiveCfg = Debug|Any CPU
		{BC56C75B-2C18-4406-A0E8-2D1C3FB78CA2}.Debug|ARM64.Build.0 = Debug|Any CPU
		{BC56C75B-2C18-4406-A0E8-2D1C3FB78CA2}.Debug|x64.ActiveCfg = Debug|Any CPU
		{BC56C75B-2C18-4406-A0E8-2D1C3FB78CA2}.Debug|x64.Build.0 = Debug|Any CPU
		{BC56C75B-2C18-4406-A0E8-2D1C3FB78CA2}.Debug|x86.ActiveCfg = Debug|Any CPU
		{BC56C75B-2C18-4406-A0E8-2D1C3FB78CA2}.Debug|x86.Build.0 = Debug|Any CPU
		{BC56C75B-2C18-4406-A0E8-2D1C3FB78CA2}.Release|Any CPU.ActiveCfg = Release|Any CPU
		{BC56C75B-2C18-4406-A0E8-2D1C3FB78CA2}.Release|Any CPU.Build.0 = Release|Any CPU
		{BC56C75B-2C18-4406-A0E8-2D1C3FB78CA2}.Release|ARM.ActiveCfg = Release|Any CPU
		{BC56C75B-2C18-4406-A0E8-2D1C3FB78CA2}.Release|ARM.Build.0 = Release|Any CPU
		{BC56C75B-2C18-4406-A0E8-2D1C3FB78CA2}.Release|ARM64.ActiveCfg = Release|Any CPU
		{BC56C75B-2C18-4406-A0E8-2D1C3FB78CA2}.Release|ARM64.Build.0 = Release|Any CPU
		{BC56C75B-2C18-4406-A0E8-2D1C3FB78CA2}.Release|x64.ActiveCfg = Release|Any CPU
		{BC56C75B-2C18-4406-A0E8-2D1C3FB78CA2}.Release|x64.Build.0 = Release|Any CPU
		{BC56C75B-2C18-4406-A0E8-2D1C3FB78CA2}.Release|x86.ActiveCfg = Release|Any CPU
		{BC56C75B-2C18-4406-A0E8-2D1C3FB78CA2}.Release|x86.Build.0 = Release|Any CPU
		{1631CA2A-8377-4512-B8A4-763C552A14F9}.Debug|Any CPU.ActiveCfg = Debug|Any CPU
		{1631CA2A-8377-4512-B8A4-763C552A14F9}.Debug|Any CPU.Build.0 = Debug|Any CPU
		{1631CA2A-8377-4512-B8A4-763C552A14F9}.Debug|ARM.ActiveCfg = Debug|Any CPU
		{1631CA2A-8377-4512-B8A4-763C552A14F9}.Debug|ARM.Build.0 = Debug|Any CPU
		{1631CA2A-8377-4512-B8A4-763C552A14F9}.Debug|ARM64.ActiveCfg = Debug|Any CPU
		{1631CA2A-8377-4512-B8A4-763C552A14F9}.Debug|ARM64.Build.0 = Debug|Any CPU
		{1631CA2A-8377-4512-B8A4-763C552A14F9}.Debug|x64.ActiveCfg = Debug|Any CPU
		{1631CA2A-8377-4512-B8A4-763C552A14F9}.Debug|x64.Build.0 = Debug|Any CPU
		{1631CA2A-8377-4512-B8A4-763C552A14F9}.Debug|x86.ActiveCfg = Debug|Any CPU
		{1631CA2A-8377-4512-B8A4-763C552A14F9}.Debug|x86.Build.0 = Debug|Any CPU
		{1631CA2A-8377-4512-B8A4-763C552A14F9}.Release|Any CPU.ActiveCfg = Release|Any CPU
		{1631CA2A-8377-4512-B8A4-763C552A14F9}.Release|Any CPU.Build.0 = Release|Any CPU
		{1631CA2A-8377-4512-B8A4-763C552A14F9}.Release|ARM.ActiveCfg = Release|Any CPU
		{1631CA2A-8377-4512-B8A4-763C552A14F9}.Release|ARM.Build.0 = Release|Any CPU
		{1631CA2A-8377-4512-B8A4-763C552A14F9}.Release|ARM64.ActiveCfg = Release|Any CPU
		{1631CA2A-8377-4512-B8A4-763C552A14F9}.Release|ARM64.Build.0 = Release|Any CPU
		{1631CA2A-8377-4512-B8A4-763C552A14F9}.Release|x64.ActiveCfg = Release|Any CPU
		{1631CA2A-8377-4512-B8A4-763C552A14F9}.Release|x64.Build.0 = Release|Any CPU
		{1631CA2A-8377-4512-B8A4-763C552A14F9}.Release|x86.ActiveCfg = Release|Any CPU
		{1631CA2A-8377-4512-B8A4-763C552A14F9}.Release|x86.Build.0 = Release|Any CPU
		{075EBCF0-FC46-4825-B2EB-87D77E6EF4EE}.Debug|Any CPU.ActiveCfg = Debug|Any CPU
		{075EBCF0-FC46-4825-B2EB-87D77E6EF4EE}.Debug|Any CPU.Build.0 = Debug|Any CPU
		{075EBCF0-FC46-4825-B2EB-87D77E6EF4EE}.Debug|ARM.ActiveCfg = Debug|Any CPU
		{075EBCF0-FC46-4825-B2EB-87D77E6EF4EE}.Debug|ARM.Build.0 = Debug|Any CPU
		{075EBCF0-FC46-4825-B2EB-87D77E6EF4EE}.Debug|ARM64.ActiveCfg = Debug|Any CPU
		{075EBCF0-FC46-4825-B2EB-87D77E6EF4EE}.Debug|ARM64.Build.0 = Debug|Any CPU
		{075EBCF0-FC46-4825-B2EB-87D77E6EF4EE}.Debug|x64.ActiveCfg = Debug|Any CPU
		{075EBCF0-FC46-4825-B2EB-87D77E6EF4EE}.Debug|x64.Build.0 = Debug|Any CPU
		{075EBCF0-FC46-4825-B2EB-87D77E6EF4EE}.Debug|x86.ActiveCfg = Debug|Any CPU
		{075EBCF0-FC46-4825-B2EB-87D77E6EF4EE}.Debug|x86.Build.0 = Debug|Any CPU
		{075EBCF0-FC46-4825-B2EB-87D77E6EF4EE}.Release|Any CPU.ActiveCfg = Release|Any CPU
		{075EBCF0-FC46-4825-B2EB-87D77E6EF4EE}.Release|Any CPU.Build.0 = Release|Any CPU
		{075EBCF0-FC46-4825-B2EB-87D77E6EF4EE}.Release|ARM.ActiveCfg = Release|Any CPU
		{075EBCF0-FC46-4825-B2EB-87D77E6EF4EE}.Release|ARM.Build.0 = Release|Any CPU
		{075EBCF0-FC46-4825-B2EB-87D77E6EF4EE}.Release|ARM64.ActiveCfg = Release|Any CPU
		{075EBCF0-FC46-4825-B2EB-87D77E6EF4EE}.Release|ARM64.Build.0 = Release|Any CPU
		{075EBCF0-FC46-4825-B2EB-87D77E6EF4EE}.Release|x64.ActiveCfg = Release|Any CPU
		{075EBCF0-FC46-4825-B2EB-87D77E6EF4EE}.Release|x64.Build.0 = Release|Any CPU
		{075EBCF0-FC46-4825-B2EB-87D77E6EF4EE}.Release|x86.ActiveCfg = Release|Any CPU
		{075EBCF0-FC46-4825-B2EB-87D77E6EF4EE}.Release|x86.Build.0 = Release|Any CPU
		{95AE5BF1-855B-4A68-9EFE-BF40D5B4047F}.Debug|Any CPU.ActiveCfg = Debug|Any CPU
		{95AE5BF1-855B-4A68-9EFE-BF40D5B4047F}.Debug|Any CPU.Build.0 = Debug|Any CPU
		{95AE5BF1-855B-4A68-9EFE-BF40D5B4047F}.Debug|Any CPU.Deploy.0 = Debug|Any CPU
		{95AE5BF1-855B-4A68-9EFE-BF40D5B4047F}.Debug|ARM.ActiveCfg = Debug|ARM
		{95AE5BF1-855B-4A68-9EFE-BF40D5B4047F}.Debug|ARM.Build.0 = Debug|ARM
		{95AE5BF1-855B-4A68-9EFE-BF40D5B4047F}.Debug|ARM.Deploy.0 = Debug|ARM
		{95AE5BF1-855B-4A68-9EFE-BF40D5B4047F}.Debug|ARM64.ActiveCfg = Debug|ARM64
		{95AE5BF1-855B-4A68-9EFE-BF40D5B4047F}.Debug|ARM64.Build.0 = Debug|ARM64
		{95AE5BF1-855B-4A68-9EFE-BF40D5B4047F}.Debug|ARM64.Deploy.0 = Debug|ARM64
		{95AE5BF1-855B-4A68-9EFE-BF40D5B4047F}.Debug|x64.ActiveCfg = Debug|x64
		{95AE5BF1-855B-4A68-9EFE-BF40D5B4047F}.Debug|x64.Build.0 = Debug|x64
		{95AE5BF1-855B-4A68-9EFE-BF40D5B4047F}.Debug|x64.Deploy.0 = Debug|x64
		{95AE5BF1-855B-4A68-9EFE-BF40D5B4047F}.Debug|x86.ActiveCfg = Debug|x86
		{95AE5BF1-855B-4A68-9EFE-BF40D5B4047F}.Debug|x86.Build.0 = Debug|x86
		{95AE5BF1-855B-4A68-9EFE-BF40D5B4047F}.Debug|x86.Deploy.0 = Debug|x86
		{95AE5BF1-855B-4A68-9EFE-BF40D5B4047F}.Release|Any CPU.ActiveCfg = Release|Any CPU
		{95AE5BF1-855B-4A68-9EFE-BF40D5B4047F}.Release|Any CPU.Build.0 = Release|Any CPU
		{95AE5BF1-855B-4A68-9EFE-BF40D5B4047F}.Release|Any CPU.Deploy.0 = Release|Any CPU
		{95AE5BF1-855B-4A68-9EFE-BF40D5B4047F}.Release|ARM.ActiveCfg = Release|ARM
		{95AE5BF1-855B-4A68-9EFE-BF40D5B4047F}.Release|ARM.Build.0 = Release|ARM
		{95AE5BF1-855B-4A68-9EFE-BF40D5B4047F}.Release|ARM.Deploy.0 = Release|ARM
		{95AE5BF1-855B-4A68-9EFE-BF40D5B4047F}.Release|ARM64.ActiveCfg = Release|ARM64
		{95AE5BF1-855B-4A68-9EFE-BF40D5B4047F}.Release|ARM64.Build.0 = Release|ARM64
		{95AE5BF1-855B-4A68-9EFE-BF40D5B4047F}.Release|ARM64.Deploy.0 = Release|ARM64
		{95AE5BF1-855B-4A68-9EFE-BF40D5B4047F}.Release|x64.ActiveCfg = Release|x64
		{95AE5BF1-855B-4A68-9EFE-BF40D5B4047F}.Release|x64.Build.0 = Release|x64
		{95AE5BF1-855B-4A68-9EFE-BF40D5B4047F}.Release|x64.Deploy.0 = Release|x64
		{95AE5BF1-855B-4A68-9EFE-BF40D5B4047F}.Release|x86.ActiveCfg = Release|x86
		{95AE5BF1-855B-4A68-9EFE-BF40D5B4047F}.Release|x86.Build.0 = Release|x86
		{95AE5BF1-855B-4A68-9EFE-BF40D5B4047F}.Release|x86.Deploy.0 = Release|x86
		{69FC0521-8F6B-4EC5-89EA-3EC04B9FB8BB}.Debug|Any CPU.ActiveCfg = Debug|Any CPU
		{69FC0521-8F6B-4EC5-89EA-3EC04B9FB8BB}.Debug|Any CPU.Build.0 = Debug|Any CPU
		{69FC0521-8F6B-4EC5-89EA-3EC04B9FB8BB}.Debug|ARM.ActiveCfg = Debug|Any CPU
		{69FC0521-8F6B-4EC5-89EA-3EC04B9FB8BB}.Debug|ARM.Build.0 = Debug|Any CPU
		{69FC0521-8F6B-4EC5-89EA-3EC04B9FB8BB}.Debug|ARM64.ActiveCfg = Debug|Any CPU
		{69FC0521-8F6B-4EC5-89EA-3EC04B9FB8BB}.Debug|ARM64.Build.0 = Debug|Any CPU
		{69FC0521-8F6B-4EC5-89EA-3EC04B9FB8BB}.Debug|x64.ActiveCfg = Debug|Any CPU
		{69FC0521-8F6B-4EC5-89EA-3EC04B9FB8BB}.Debug|x64.Build.0 = Debug|Any CPU
		{69FC0521-8F6B-4EC5-89EA-3EC04B9FB8BB}.Debug|x86.ActiveCfg = Debug|Any CPU
		{69FC0521-8F6B-4EC5-89EA-3EC04B9FB8BB}.Debug|x86.Build.0 = Debug|Any CPU
		{69FC0521-8F6B-4EC5-89EA-3EC04B9FB8BB}.Release|Any CPU.ActiveCfg = Release|Any CPU
		{69FC0521-8F6B-4EC5-89EA-3EC04B9FB8BB}.Release|Any CPU.Build.0 = Release|Any CPU
		{69FC0521-8F6B-4EC5-89EA-3EC04B9FB8BB}.Release|ARM.ActiveCfg = Release|Any CPU
		{69FC0521-8F6B-4EC5-89EA-3EC04B9FB8BB}.Release|ARM.Build.0 = Release|Any CPU
		{69FC0521-8F6B-4EC5-89EA-3EC04B9FB8BB}.Release|ARM64.ActiveCfg = Release|Any CPU
		{69FC0521-8F6B-4EC5-89EA-3EC04B9FB8BB}.Release|ARM64.Build.0 = Release|Any CPU
		{69FC0521-8F6B-4EC5-89EA-3EC04B9FB8BB}.Release|x64.ActiveCfg = Release|Any CPU
		{69FC0521-8F6B-4EC5-89EA-3EC04B9FB8BB}.Release|x64.Build.0 = Release|Any CPU
		{69FC0521-8F6B-4EC5-89EA-3EC04B9FB8BB}.Release|x86.ActiveCfg = Release|Any CPU
		{69FC0521-8F6B-4EC5-89EA-3EC04B9FB8BB}.Release|x86.Build.0 = Release|Any CPU
		{627BD7F7-0E89-4E66-A3B0-3203E6A4B06B}.Debug|Any CPU.ActiveCfg = Debug|Any CPU
		{627BD7F7-0E89-4E66-A3B0-3203E6A4B06B}.Debug|Any CPU.Build.0 = Debug|Any CPU
		{627BD7F7-0E89-4E66-A3B0-3203E6A4B06B}.Debug|ARM.ActiveCfg = Debug|Any CPU
		{627BD7F7-0E89-4E66-A3B0-3203E6A4B06B}.Debug|ARM.Build.0 = Debug|Any CPU
		{627BD7F7-0E89-4E66-A3B0-3203E6A4B06B}.Debug|ARM64.ActiveCfg = Debug|Any CPU
		{627BD7F7-0E89-4E66-A3B0-3203E6A4B06B}.Debug|ARM64.Build.0 = Debug|Any CPU
		{627BD7F7-0E89-4E66-A3B0-3203E6A4B06B}.Debug|x64.ActiveCfg = Debug|Any CPU
		{627BD7F7-0E89-4E66-A3B0-3203E6A4B06B}.Debug|x64.Build.0 = Debug|Any CPU
		{627BD7F7-0E89-4E66-A3B0-3203E6A4B06B}.Debug|x86.ActiveCfg = Debug|Any CPU
		{627BD7F7-0E89-4E66-A3B0-3203E6A4B06B}.Debug|x86.Build.0 = Debug|Any CPU
		{627BD7F7-0E89-4E66-A3B0-3203E6A4B06B}.Release|Any CPU.ActiveCfg = Release|Any CPU
		{627BD7F7-0E89-4E66-A3B0-3203E6A4B06B}.Release|Any CPU.Build.0 = Release|Any CPU
		{627BD7F7-0E89-4E66-A3B0-3203E6A4B06B}.Release|ARM.ActiveCfg = Release|Any CPU
		{627BD7F7-0E89-4E66-A3B0-3203E6A4B06B}.Release|ARM.Build.0 = Release|Any CPU
		{627BD7F7-0E89-4E66-A3B0-3203E6A4B06B}.Release|ARM64.ActiveCfg = Release|Any CPU
		{627BD7F7-0E89-4E66-A3B0-3203E6A4B06B}.Release|ARM64.Build.0 = Release|Any CPU
		{627BD7F7-0E89-4E66-A3B0-3203E6A4B06B}.Release|x64.ActiveCfg = Release|Any CPU
		{627BD7F7-0E89-4E66-A3B0-3203E6A4B06B}.Release|x64.Build.0 = Release|Any CPU
		{627BD7F7-0E89-4E66-A3B0-3203E6A4B06B}.Release|x86.ActiveCfg = Release|Any CPU
		{627BD7F7-0E89-4E66-A3B0-3203E6A4B06B}.Release|x86.Build.0 = Release|Any CPU
		{8777A822-EDE4-49F6-B3E6-5994F0B82F25}.Debug|Any CPU.ActiveCfg = Debug|Any CPU
		{8777A822-EDE4-49F6-B3E6-5994F0B82F25}.Debug|Any CPU.Build.0 = Debug|Any CPU
		{8777A822-EDE4-49F6-B3E6-5994F0B82F25}.Debug|ARM.ActiveCfg = Debug|Any CPU
		{8777A822-EDE4-49F6-B3E6-5994F0B82F25}.Debug|ARM.Build.0 = Debug|Any CPU
		{8777A822-EDE4-49F6-B3E6-5994F0B82F25}.Debug|ARM64.ActiveCfg = Debug|Any CPU
		{8777A822-EDE4-49F6-B3E6-5994F0B82F25}.Debug|ARM64.Build.0 = Debug|Any CPU
		{8777A822-EDE4-49F6-B3E6-5994F0B82F25}.Debug|x64.ActiveCfg = Debug|Any CPU
		{8777A822-EDE4-49F6-B3E6-5994F0B82F25}.Debug|x64.Build.0 = Debug|Any CPU
		{8777A822-EDE4-49F6-B3E6-5994F0B82F25}.Debug|x86.ActiveCfg = Debug|Any CPU
		{8777A822-EDE4-49F6-B3E6-5994F0B82F25}.Debug|x86.Build.0 = Debug|Any CPU
		{8777A822-EDE4-49F6-B3E6-5994F0B82F25}.Release|Any CPU.ActiveCfg = Release|Any CPU
		{8777A822-EDE4-49F6-B3E6-5994F0B82F25}.Release|Any CPU.Build.0 = Release|Any CPU
		{8777A822-EDE4-49F6-B3E6-5994F0B82F25}.Release|ARM.ActiveCfg = Release|Any CPU
		{8777A822-EDE4-49F6-B3E6-5994F0B82F25}.Release|ARM.Build.0 = Release|Any CPU
		{8777A822-EDE4-49F6-B3E6-5994F0B82F25}.Release|ARM64.ActiveCfg = Release|Any CPU
		{8777A822-EDE4-49F6-B3E6-5994F0B82F25}.Release|ARM64.Build.0 = Release|Any CPU
		{8777A822-EDE4-49F6-B3E6-5994F0B82F25}.Release|x64.ActiveCfg = Release|Any CPU
		{8777A822-EDE4-49F6-B3E6-5994F0B82F25}.Release|x64.Build.0 = Release|Any CPU
		{8777A822-EDE4-49F6-B3E6-5994F0B82F25}.Release|x86.ActiveCfg = Release|Any CPU
		{8777A822-EDE4-49F6-B3E6-5994F0B82F25}.Release|x86.Build.0 = Release|Any CPU
		{CEE8DEA2-1A5B-459B-B43A-623D76C0DE68}.Debug|Any CPU.ActiveCfg = Debug|Any CPU
		{CEE8DEA2-1A5B-459B-B43A-623D76C0DE68}.Debug|Any CPU.Build.0 = Debug|Any CPU
		{CEE8DEA2-1A5B-459B-B43A-623D76C0DE68}.Debug|ARM.ActiveCfg = Debug|Any CPU
		{CEE8DEA2-1A5B-459B-B43A-623D76C0DE68}.Debug|ARM.Build.0 = Debug|Any CPU
		{CEE8DEA2-1A5B-459B-B43A-623D76C0DE68}.Debug|ARM64.ActiveCfg = Debug|Any CPU
		{CEE8DEA2-1A5B-459B-B43A-623D76C0DE68}.Debug|ARM64.Build.0 = Debug|Any CPU
		{CEE8DEA2-1A5B-459B-B43A-623D76C0DE68}.Debug|x64.ActiveCfg = Debug|Any CPU
		{CEE8DEA2-1A5B-459B-B43A-623D76C0DE68}.Debug|x64.Build.0 = Debug|Any CPU
		{CEE8DEA2-1A5B-459B-B43A-623D76C0DE68}.Debug|x86.ActiveCfg = Debug|Any CPU
		{CEE8DEA2-1A5B-459B-B43A-623D76C0DE68}.Debug|x86.Build.0 = Debug|Any CPU
		{CEE8DEA2-1A5B-459B-B43A-623D76C0DE68}.Release|Any CPU.ActiveCfg = Release|Any CPU
		{CEE8DEA2-1A5B-459B-B43A-623D76C0DE68}.Release|Any CPU.Build.0 = Release|Any CPU
		{CEE8DEA2-1A5B-459B-B43A-623D76C0DE68}.Release|ARM.ActiveCfg = Release|Any CPU
		{CEE8DEA2-1A5B-459B-B43A-623D76C0DE68}.Release|ARM.Build.0 = Release|Any CPU
		{CEE8DEA2-1A5B-459B-B43A-623D76C0DE68}.Release|ARM64.ActiveCfg = Release|Any CPU
		{CEE8DEA2-1A5B-459B-B43A-623D76C0DE68}.Release|ARM64.Build.0 = Release|Any CPU
		{CEE8DEA2-1A5B-459B-B43A-623D76C0DE68}.Release|x64.ActiveCfg = Release|Any CPU
		{CEE8DEA2-1A5B-459B-B43A-623D76C0DE68}.Release|x64.Build.0 = Release|Any CPU
		{CEE8DEA2-1A5B-459B-B43A-623D76C0DE68}.Release|x86.ActiveCfg = Release|Any CPU
		{CEE8DEA2-1A5B-459B-B43A-623D76C0DE68}.Release|x86.Build.0 = Release|Any CPU
		{B21774FB-83DB-42FE-AFED-DAD8E05A8DF2}.Debug|Any CPU.ActiveCfg = Debug|Any CPU
		{B21774FB-83DB-42FE-AFED-DAD8E05A8DF2}.Debug|Any CPU.Build.0 = Debug|Any CPU
		{B21774FB-83DB-42FE-AFED-DAD8E05A8DF2}.Debug|ARM.ActiveCfg = Debug|Any CPU
		{B21774FB-83DB-42FE-AFED-DAD8E05A8DF2}.Debug|ARM.Build.0 = Debug|Any CPU
		{B21774FB-83DB-42FE-AFED-DAD8E05A8DF2}.Debug|ARM64.ActiveCfg = Debug|Any CPU
		{B21774FB-83DB-42FE-AFED-DAD8E05A8DF2}.Debug|ARM64.Build.0 = Debug|Any CPU
		{B21774FB-83DB-42FE-AFED-DAD8E05A8DF2}.Debug|x64.ActiveCfg = Debug|Any CPU
		{B21774FB-83DB-42FE-AFED-DAD8E05A8DF2}.Debug|x64.Build.0 = Debug|Any CPU
		{B21774FB-83DB-42FE-AFED-DAD8E05A8DF2}.Debug|x86.ActiveCfg = Debug|Any CPU
		{B21774FB-83DB-42FE-AFED-DAD8E05A8DF2}.Debug|x86.Build.0 = Debug|Any CPU
		{B21774FB-83DB-42FE-AFED-DAD8E05A8DF2}.Release|Any CPU.ActiveCfg = Release|Any CPU
		{B21774FB-83DB-42FE-AFED-DAD8E05A8DF2}.Release|Any CPU.Build.0 = Release|Any CPU
		{B21774FB-83DB-42FE-AFED-DAD8E05A8DF2}.Release|ARM.ActiveCfg = Release|Any CPU
		{B21774FB-83DB-42FE-AFED-DAD8E05A8DF2}.Release|ARM.Build.0 = Release|Any CPU
		{B21774FB-83DB-42FE-AFED-DAD8E05A8DF2}.Release|ARM64.ActiveCfg = Release|Any CPU
		{B21774FB-83DB-42FE-AFED-DAD8E05A8DF2}.Release|ARM64.Build.0 = Release|Any CPU
		{B21774FB-83DB-42FE-AFED-DAD8E05A8DF2}.Release|x64.ActiveCfg = Release|Any CPU
		{B21774FB-83DB-42FE-AFED-DAD8E05A8DF2}.Release|x64.Build.0 = Release|Any CPU
		{B21774FB-83DB-42FE-AFED-DAD8E05A8DF2}.Release|x86.ActiveCfg = Release|Any CPU
		{B21774FB-83DB-42FE-AFED-DAD8E05A8DF2}.Release|x86.Build.0 = Release|Any CPU
		{BD37A3BA-3AD2-40DC-ACE1-52CE03684A13}.Debug|Any CPU.ActiveCfg = Debug|Any CPU
		{BD37A3BA-3AD2-40DC-ACE1-52CE03684A13}.Debug|Any CPU.Build.0 = Debug|Any CPU
		{BD37A3BA-3AD2-40DC-ACE1-52CE03684A13}.Debug|ARM.ActiveCfg = Debug|Any CPU
		{BD37A3BA-3AD2-40DC-ACE1-52CE03684A13}.Debug|ARM.Build.0 = Debug|Any CPU
		{BD37A3BA-3AD2-40DC-ACE1-52CE03684A13}.Debug|ARM64.ActiveCfg = Debug|Any CPU
		{BD37A3BA-3AD2-40DC-ACE1-52CE03684A13}.Debug|ARM64.Build.0 = Debug|Any CPU
		{BD37A3BA-3AD2-40DC-ACE1-52CE03684A13}.Debug|x64.ActiveCfg = Debug|Any CPU
		{BD37A3BA-3AD2-40DC-ACE1-52CE03684A13}.Debug|x64.Build.0 = Debug|Any CPU
		{BD37A3BA-3AD2-40DC-ACE1-52CE03684A13}.Debug|x86.ActiveCfg = Debug|Any CPU
		{BD37A3BA-3AD2-40DC-ACE1-52CE03684A13}.Debug|x86.Build.0 = Debug|Any CPU
		{BD37A3BA-3AD2-40DC-ACE1-52CE03684A13}.Release|Any CPU.ActiveCfg = Release|Any CPU
		{BD37A3BA-3AD2-40DC-ACE1-52CE03684A13}.Release|Any CPU.Build.0 = Release|Any CPU
		{BD37A3BA-3AD2-40DC-ACE1-52CE03684A13}.Release|ARM.ActiveCfg = Release|Any CPU
		{BD37A3BA-3AD2-40DC-ACE1-52CE03684A13}.Release|ARM.Build.0 = Release|Any CPU
		{BD37A3BA-3AD2-40DC-ACE1-52CE03684A13}.Release|ARM64.ActiveCfg = Release|Any CPU
		{BD37A3BA-3AD2-40DC-ACE1-52CE03684A13}.Release|ARM64.Build.0 = Release|Any CPU
		{BD37A3BA-3AD2-40DC-ACE1-52CE03684A13}.Release|x64.ActiveCfg = Release|Any CPU
		{BD37A3BA-3AD2-40DC-ACE1-52CE03684A13}.Release|x64.Build.0 = Release|Any CPU
		{BD37A3BA-3AD2-40DC-ACE1-52CE03684A13}.Release|x86.ActiveCfg = Release|Any CPU
		{BD37A3BA-3AD2-40DC-ACE1-52CE03684A13}.Release|x86.Build.0 = Release|Any CPU
		{7C3770E0-A5B7-42DB-AF32-0E033C9AE707}.Debug|Any CPU.ActiveCfg = Debug|Any CPU
		{7C3770E0-A5B7-42DB-AF32-0E033C9AE707}.Debug|Any CPU.Build.0 = Debug|Any CPU
		{7C3770E0-A5B7-42DB-AF32-0E033C9AE707}.Debug|ARM.ActiveCfg = Debug|Any CPU
		{7C3770E0-A5B7-42DB-AF32-0E033C9AE707}.Debug|ARM.Build.0 = Debug|Any CPU
		{7C3770E0-A5B7-42DB-AF32-0E033C9AE707}.Debug|ARM64.ActiveCfg = Debug|Any CPU
		{7C3770E0-A5B7-42DB-AF32-0E033C9AE707}.Debug|ARM64.Build.0 = Debug|Any CPU
		{7C3770E0-A5B7-42DB-AF32-0E033C9AE707}.Debug|x64.ActiveCfg = Debug|Any CPU
		{7C3770E0-A5B7-42DB-AF32-0E033C9AE707}.Debug|x64.Build.0 = Debug|Any CPU
		{7C3770E0-A5B7-42DB-AF32-0E033C9AE707}.Debug|x86.ActiveCfg = Debug|Any CPU
		{7C3770E0-A5B7-42DB-AF32-0E033C9AE707}.Debug|x86.Build.0 = Debug|Any CPU
		{7C3770E0-A5B7-42DB-AF32-0E033C9AE707}.Release|Any CPU.ActiveCfg = Release|Any CPU
		{7C3770E0-A5B7-42DB-AF32-0E033C9AE707}.Release|Any CPU.Build.0 = Release|Any CPU
		{7C3770E0-A5B7-42DB-AF32-0E033C9AE707}.Release|ARM.ActiveCfg = Release|Any CPU
		{7C3770E0-A5B7-42DB-AF32-0E033C9AE707}.Release|ARM.Build.0 = Release|Any CPU
		{7C3770E0-A5B7-42DB-AF32-0E033C9AE707}.Release|ARM64.ActiveCfg = Release|Any CPU
		{7C3770E0-A5B7-42DB-AF32-0E033C9AE707}.Release|ARM64.Build.0 = Release|Any CPU
		{7C3770E0-A5B7-42DB-AF32-0E033C9AE707}.Release|x64.ActiveCfg = Release|Any CPU
		{7C3770E0-A5B7-42DB-AF32-0E033C9AE707}.Release|x64.Build.0 = Release|Any CPU
		{7C3770E0-A5B7-42DB-AF32-0E033C9AE707}.Release|x86.ActiveCfg = Release|Any CPU
		{7C3770E0-A5B7-42DB-AF32-0E033C9AE707}.Release|x86.Build.0 = Release|Any CPU
		{6A83CDDE-C47A-494E-ABF5-195CCE75FBB1}.Debug|Any CPU.ActiveCfg = Debug|Any CPU
		{6A83CDDE-C47A-494E-ABF5-195CCE75FBB1}.Debug|Any CPU.Build.0 = Debug|Any CPU
		{6A83CDDE-C47A-494E-ABF5-195CCE75FBB1}.Debug|ARM.ActiveCfg = Debug|Any CPU
		{6A83CDDE-C47A-494E-ABF5-195CCE75FBB1}.Debug|ARM.Build.0 = Debug|Any CPU
		{6A83CDDE-C47A-494E-ABF5-195CCE75FBB1}.Debug|ARM64.ActiveCfg = Debug|Any CPU
		{6A83CDDE-C47A-494E-ABF5-195CCE75FBB1}.Debug|ARM64.Build.0 = Debug|Any CPU
		{6A83CDDE-C47A-494E-ABF5-195CCE75FBB1}.Debug|x64.ActiveCfg = Debug|Any CPU
		{6A83CDDE-C47A-494E-ABF5-195CCE75FBB1}.Debug|x64.Build.0 = Debug|Any CPU
		{6A83CDDE-C47A-494E-ABF5-195CCE75FBB1}.Debug|x86.ActiveCfg = Debug|Any CPU
		{6A83CDDE-C47A-494E-ABF5-195CCE75FBB1}.Debug|x86.Build.0 = Debug|Any CPU
		{6A83CDDE-C47A-494E-ABF5-195CCE75FBB1}.Release|Any CPU.ActiveCfg = Release|Any CPU
		{6A83CDDE-C47A-494E-ABF5-195CCE75FBB1}.Release|Any CPU.Build.0 = Release|Any CPU
		{6A83CDDE-C47A-494E-ABF5-195CCE75FBB1}.Release|ARM.ActiveCfg = Release|Any CPU
		{6A83CDDE-C47A-494E-ABF5-195CCE75FBB1}.Release|ARM.Build.0 = Release|Any CPU
		{6A83CDDE-C47A-494E-ABF5-195CCE75FBB1}.Release|ARM64.ActiveCfg = Release|Any CPU
		{6A83CDDE-C47A-494E-ABF5-195CCE75FBB1}.Release|ARM64.Build.0 = Release|Any CPU
		{6A83CDDE-C47A-494E-ABF5-195CCE75FBB1}.Release|x64.ActiveCfg = Release|Any CPU
		{6A83CDDE-C47A-494E-ABF5-195CCE75FBB1}.Release|x64.Build.0 = Release|Any CPU
		{6A83CDDE-C47A-494E-ABF5-195CCE75FBB1}.Release|x86.ActiveCfg = Release|Any CPU
		{6A83CDDE-C47A-494E-ABF5-195CCE75FBB1}.Release|x86.Build.0 = Release|Any CPU
		{0C3AAD0C-C98D-4E2C-B006-DD3A66313567}.Debug|Any CPU.ActiveCfg = Debug|Any CPU
		{0C3AAD0C-C98D-4E2C-B006-DD3A66313567}.Debug|Any CPU.Build.0 = Debug|Any CPU
		{0C3AAD0C-C98D-4E2C-B006-DD3A66313567}.Debug|ARM.ActiveCfg = Debug|Any CPU
		{0C3AAD0C-C98D-4E2C-B006-DD3A66313567}.Debug|ARM.Build.0 = Debug|Any CPU
		{0C3AAD0C-C98D-4E2C-B006-DD3A66313567}.Debug|ARM64.ActiveCfg = Debug|Any CPU
		{0C3AAD0C-C98D-4E2C-B006-DD3A66313567}.Debug|ARM64.Build.0 = Debug|Any CPU
		{0C3AAD0C-C98D-4E2C-B006-DD3A66313567}.Debug|x64.ActiveCfg = Debug|Any CPU
		{0C3AAD0C-C98D-4E2C-B006-DD3A66313567}.Debug|x64.Build.0 = Debug|Any CPU
		{0C3AAD0C-C98D-4E2C-B006-DD3A66313567}.Debug|x86.ActiveCfg = Debug|Any CPU
		{0C3AAD0C-C98D-4E2C-B006-DD3A66313567}.Debug|x86.Build.0 = Debug|Any CPU
		{0C3AAD0C-C98D-4E2C-B006-DD3A66313567}.Release|Any CPU.ActiveCfg = Release|Any CPU
		{0C3AAD0C-C98D-4E2C-B006-DD3A66313567}.Release|Any CPU.Build.0 = Release|Any CPU
		{0C3AAD0C-C98D-4E2C-B006-DD3A66313567}.Release|ARM.ActiveCfg = Release|Any CPU
		{0C3AAD0C-C98D-4E2C-B006-DD3A66313567}.Release|ARM.Build.0 = Release|Any CPU
		{0C3AAD0C-C98D-4E2C-B006-DD3A66313567}.Release|ARM64.ActiveCfg = Release|Any CPU
		{0C3AAD0C-C98D-4E2C-B006-DD3A66313567}.Release|ARM64.Build.0 = Release|Any CPU
		{0C3AAD0C-C98D-4E2C-B006-DD3A66313567}.Release|x64.ActiveCfg = Release|Any CPU
		{0C3AAD0C-C98D-4E2C-B006-DD3A66313567}.Release|x64.Build.0 = Release|Any CPU
		{0C3AAD0C-C98D-4E2C-B006-DD3A66313567}.Release|x86.ActiveCfg = Release|Any CPU
		{0C3AAD0C-C98D-4E2C-B006-DD3A66313567}.Release|x86.Build.0 = Release|Any CPU
		{C3413312-28C1-463C-8705-04495DA27F71}.Debug|Any CPU.ActiveCfg = Debug|Any CPU
		{C3413312-28C1-463C-8705-04495DA27F71}.Debug|Any CPU.Build.0 = Debug|Any CPU
		{C3413312-28C1-463C-8705-04495DA27F71}.Debug|ARM.ActiveCfg = Debug|Any CPU
		{C3413312-28C1-463C-8705-04495DA27F71}.Debug|ARM.Build.0 = Debug|Any CPU
		{C3413312-28C1-463C-8705-04495DA27F71}.Debug|ARM64.ActiveCfg = Debug|Any CPU
		{C3413312-28C1-463C-8705-04495DA27F71}.Debug|ARM64.Build.0 = Debug|Any CPU
		{C3413312-28C1-463C-8705-04495DA27F71}.Debug|x64.ActiveCfg = Debug|Any CPU
		{C3413312-28C1-463C-8705-04495DA27F71}.Debug|x64.Build.0 = Debug|Any CPU
		{C3413312-28C1-463C-8705-04495DA27F71}.Debug|x86.ActiveCfg = Debug|Any CPU
		{C3413312-28C1-463C-8705-04495DA27F71}.Debug|x86.Build.0 = Debug|Any CPU
		{C3413312-28C1-463C-8705-04495DA27F71}.Release|Any CPU.ActiveCfg = Release|Any CPU
		{C3413312-28C1-463C-8705-04495DA27F71}.Release|Any CPU.Build.0 = Release|Any CPU
		{C3413312-28C1-463C-8705-04495DA27F71}.Release|ARM.ActiveCfg = Release|Any CPU
		{C3413312-28C1-463C-8705-04495DA27F71}.Release|ARM.Build.0 = Release|Any CPU
		{C3413312-28C1-463C-8705-04495DA27F71}.Release|ARM64.ActiveCfg = Release|Any CPU
		{C3413312-28C1-463C-8705-04495DA27F71}.Release|ARM64.Build.0 = Release|Any CPU
		{C3413312-28C1-463C-8705-04495DA27F71}.Release|x64.ActiveCfg = Release|Any CPU
		{C3413312-28C1-463C-8705-04495DA27F71}.Release|x64.Build.0 = Release|Any CPU
		{C3413312-28C1-463C-8705-04495DA27F71}.Release|x86.ActiveCfg = Release|Any CPU
		{C3413312-28C1-463C-8705-04495DA27F71}.Release|x86.Build.0 = Release|Any CPU
	EndGlobalSection
	GlobalSection(SolutionProperties) = preSolution
		HideSolutionNode = FALSE
	EndGlobalSection
	GlobalSection(NestedProjects) = preSolution
		{394D0002-F168-4A6E-B1BC-95CBB2F84F02} = {4AED54AF-0BC1-41AC-A8CE-4A2985E44A8B}
		{CBB5B8A8-1D57-4A4F-87F8-A3ED4B4F08B3} = {6560DA97-EB3D-4212-A829-439A852A45DF}
		{2B1DD3AE-71C2-460D-94E7-4F6C9CBE2EF2} = {6560DA97-EB3D-4212-A829-439A852A45DF}
		{EB1F7179-BF1D-42AC-A42F-7888FBF47104} = {AE1E620C-2CB4-4FE2-AE3B-C4F3E56DF360}
		{E7F1703B-F7F4-43C9-AA6B-9A6D0726D987} = {3AEDC9FA-EF87-44C7-84C0-B44ECCA32E22}
		{DB7F6CBE-AEF1-4940-B190-A47F4DEEBE36} = {E7F1703B-F7F4-43C9-AA6B-9A6D0726D987}
		{A0954B71-81C3-4239-897F-C6E445425933} = {E7F1703B-F7F4-43C9-AA6B-9A6D0726D987}
		{E65C1D1C-8D83-43F9-B5CC-A509A4E5CA3A} = {4AED54AF-0BC1-41AC-A8CE-4A2985E44A8B}
		{A0A33BC9-2722-42E1-9922-0ACF17211278} = {4AED54AF-0BC1-41AC-A8CE-4A2985E44A8B}
		{BDF26D7D-A41D-47D1-B868-4B23058A8250} = {6560DA97-EB3D-4212-A829-439A852A45DF}
		{BC56C75B-2C18-4406-A0E8-2D1C3FB78CA2} = {E7F1703B-F7F4-43C9-AA6B-9A6D0726D987}
		{1631CA2A-8377-4512-B8A4-763C552A14F9} = {AE1E620C-2CB4-4FE2-AE3B-C4F3E56DF360}
		{075EBCF0-FC46-4825-B2EB-87D77E6EF4EE} = {4AED54AF-0BC1-41AC-A8CE-4A2985E44A8B}
		{95AE5BF1-855B-4A68-9EFE-BF40D5B4047F} = {AE1E620C-2CB4-4FE2-AE3B-C4F3E56DF360}
		{12D32BA2-E722-4EB2-A4B3-904AF3AC9EEC} = {3AEDC9FA-EF87-44C7-84C0-B44ECCA32E22}
		{69FC0521-8F6B-4EC5-89EA-3EC04B9FB8BB} = {12D32BA2-E722-4EB2-A4B3-904AF3AC9EEC}
		{627BD7F7-0E89-4E66-A3B0-3203E6A4B06B} = {12D32BA2-E722-4EB2-A4B3-904AF3AC9EEC}
		{4AED54AF-0BC1-41AC-A8CE-4A2985E44A8B} = {1F2AE50D-863D-42A0-8906-888F77E2CFF6}
		{C3F3EDAD-48ED-43A9-9CAF-8E5E37D8EF42} = {1F2AE50D-863D-42A0-8906-888F77E2CFF6}
		{8777A822-EDE4-49F6-B3E6-5994F0B82F25} = {C3F3EDAD-48ED-43A9-9CAF-8E5E37D8EF42}
		{CEE8DEA2-1A5B-459B-B43A-623D76C0DE68} = {C3F3EDAD-48ED-43A9-9CAF-8E5E37D8EF42}
		{B21774FB-83DB-42FE-AFED-DAD8E05A8DF2} = {BB71E071-3CC9-4357-BC8D-006C5FE9DAA8}
		{BD37A3BA-3AD2-40DC-ACE1-52CE03684A13} = {BB71E071-3CC9-4357-BC8D-006C5FE9DAA8}
		{DA1C038D-DA34-409A-9D99-3314A2CB9A8D} = {1F2AE50D-863D-42A0-8906-888F77E2CFF6}
		{7C3770E0-A5B7-42DB-AF32-0E033C9AE707} = {DA1C038D-DA34-409A-9D99-3314A2CB9A8D}
		{6A83CDDE-C47A-494E-ABF5-195CCE75FBB1} = {DA1C038D-DA34-409A-9D99-3314A2CB9A8D}
		{C3413312-28C1-463C-8705-04495DA27F71} = {6560DA97-EB3D-4212-A829-439A852A45DF}
	EndGlobalSection
	GlobalSection(ExtensibilityGlobals) = postSolution
		SolutionGuid = {5FA1A29D-7A36-494A-9156-8A7C94F97FA2}
	EndGlobalSection
EndGlobal
